
Microsoft Visual Studio Solution File, Format Version 12.00
# Visual Studio Version 17
VisualStudioVersion = 17.0.31903.59
MinimumVisualStudioVersion = 10.0.40219.1
Project("{FAE04EC0-301F-11D3-BF4B-00C04F79EFBC}") = "Lab_9", "Lab_9.csproj", "{AE609B5A-EF87-41CC-B5B7-4AFD251F8C44}"
EndProject
Project("{FAE04EC0-301F-11D3-BF4B-00C04F79EFBC}") = "Lab_9_Purple_Test", "Lab_9_Purple_Test\Lab_9_Purple_Test.csproj", "{E42147D3-C80D-4FC7-A57A-025C0E943C69}"
EndProject
Project("{FAE04EC0-301F-11D3-BF4B-00C04F79EFBC}") = "BIVT-2024-Lab-7", "..\BIVT-2024-Lab-7\BIVT-2024-Lab-7.csproj", "{30753B51-0AD6-476C-9DB7-44130BA0D42A}"
EndProject
Global
	GlobalSection(SolutionConfigurationPlatforms) = preSolution
		Debug|Any CPU = Debug|Any CPU
		Release|Any CPU = Release|Any CPU
	EndGlobalSection
	GlobalSection(SolutionProperties) = preSolution
		HideSolutionNode = FALSE
	EndGlobalSection
	GlobalSection(ProjectConfigurationPlatforms) = postSolution
		{AE609B5A-EF87-41CC-B5B7-4AFD251F8C44}.Debug|Any CPU.ActiveCfg = Debug|Any CPU
		{AE609B5A-EF87-41CC-B5B7-4AFD251F8C44}.Debug|Any CPU.Build.0 = Debug|Any CPU
		{AE609B5A-EF87-41CC-B5B7-4AFD251F8C44}.Release|Any CPU.ActiveCfg = Release|Any CPU
		{AE609B5A-EF87-41CC-B5B7-4AFD251F8C44}.Release|Any CPU.Build.0 = Release|Any CPU
		{E42147D3-C80D-4FC7-A57A-025C0E943C69}.Debug|Any CPU.ActiveCfg = Debug|Any CPU
		{E42147D3-C80D-4FC7-A57A-025C0E943C69}.Debug|Any CPU.Build.0 = Debug|Any CPU
		{E42147D3-C80D-4FC7-A57A-025C0E943C69}.Release|Any CPU.ActiveCfg = Release|Any CPU
		{E42147D3-C80D-4FC7-A57A-025C0E943C69}.Release|Any CPU.Build.0 = Release|Any CPU
		{30753B51-0AD6-476C-9DB7-44130BA0D42A}.Debug|Any CPU.ActiveCfg = Debug|Any CPU
		{30753B51-0AD6-476C-9DB7-44130BA0D42A}.Debug|Any CPU.Build.0 = Debug|Any CPU
		{30753B51-0AD6-476C-9DB7-44130BA0D42A}.Release|Any CPU.ActiveCfg = Release|Any CPU
		{30753B51-0AD6-476C-9DB7-44130BA0D42A}.Release|Any CPU.Build.0 = Release|Any CPU
	EndGlobalSection
EndGlobal
