
Microsoft Visual Studio Solution File, Format Version 12.00
# Visual Studio Version 17
VisualStudioVersion = 17.10.35122.118
MinimumVisualStudioVersion = 10.0.40219.1
Project("{FAE04EC0-301F-11D3-BF4B-00C04F79EFBC}") = "Lab_7", "Lab_7\Lab_7.csproj", "{AF621221-08D2-48B3-A9EB-7D3D40C2833C}"
EndProject
Global
	GlobalSection(SolutionConfigurationPlatforms) = preSolution
		Debug|Any CPU = Debug|Any CPU
		Release|Any CPU = Release|Any CPU
	EndGlobalSection
	GlobalSection(ProjectConfigurationPlatforms) = postSolution
		{AF621221-08D2-48B3-A9EB-7D3D40C2833C}.Debug|Any CPU.ActiveCfg = Debug|Any CPU
		{AF621221-08D2-48B3-A9EB-7D3D40C2833C}.Debug|Any CPU.Build.0 = Debug|Any CPU
		{AF621221-08D2-48B3-A9EB-7D3D40C2833C}.Release|Any CPU.ActiveCfg = Release|Any CPU
		{AF621221-08D2-48B3-A9EB-7D3D40C2833C}.Release|Any CPU.Build.0 = Release|Any CPU
	EndGlobalSection
	GlobalSection(SolutionProperties) = preSolution
		HideSolutionNode = FALSE
	EndGlobalSection
	GlobalSection(ExtensibilityGlobals) = postSolution
		SolutionGuid = {14C26029-FFD4-42C1-8C1D-644DB10A8D56}
	EndGlobalSection
EndGlobal
